PODS:
  - AFNetworking (2.3.1):
    - AFNetworking/NSURLConnection (= 2.3.1)
    - AFNetworking/NSURLSession (= 2.3.1)
    - AFNetworking/Reachability (= 2.3.1)
    - AFNetworking/Security (= 2.3.1)
    - AFNetworking/Serialization (= 2.3.1)
    - AFNetworking/UIKit (= 2.3.1)
  - AFNetworking/NSURLConnection (2.3.1):
    - AFNetworking/Reachability
    - AFNetworking/Security
    - AFNetworking/Serialization
  - AFNetworking/NSURLSession (2.3.1):
    - AFNetworking/Reachability
    - AFNetworking/Security
    - AFNetworking/Serialization
  - AFNetworking/Reachability (2.3.1)
  - AFNetworking/Security (2.3.1)
  - AFNetworking/Serialization (2.3.1)
  - AFNetworking/UIKit (2.3.1):
    - AFNetworking/NSURLConnection
    - AFNetworking/NSURLSession
  - Expecta (0.2.4)
  - HTProgressHUD (0.2.1)
  - OCMock (2.2.4)
  - ReactiveCocoa (2.3.1):
    - ReactiveCocoa/UI (= 2.3.1)
  - ReactiveCocoa/Core (2.3.1):
    - ReactiveCocoa/no-arc
  - ReactiveCocoa/no-arc (2.3.1)
  - ReactiveCocoa/UI (2.3.1):
    - ReactiveCocoa/Core
  - ReactiveViewModel (0.2):
    - ReactiveCocoa (~> 2.1)
  - SDWebImage (3.7.1):
    - SDWebImage/Core (= 3.7.1)
  - SDWebImage/Core (3.7.1)
  - Specta (0.2.1)
  - Typhoon (3.0.3):
    - Typhoon/no-arc (= 3.0.3)
  - Typhoon/no-arc (3.0.3)

DEPENDENCIES:
  - AFNetworking (~> 2.2)
  - Expecta (~> 0.2.4)
  - HTProgressHUD
  - OCMock (~> 2.2.0)
  - ReactiveCocoa (~> 2.0)
  - ReactiveViewModel (= 0.2)
  - SDWebImage (~> 3.6)
  - Specta (~> 0.2.1)
  - Typhoon (~> 3.0.2)

SPEC CHECKSUMS:
  AFNetworking: 05b9f6e3aa5ac45bc383b4bb108ef338080a26c7
  Expecta: cfaf1d3e2e194ca704a25e997093d30a1ce70b61
  HTProgressHUD: 14ecb00aa05e6ed75fdb8b859be5473d3f001175
  OCMock: a6a7dc0e3997fb9f35d99f72528698ebf60d64f2
  ReactiveCocoa: 334468a83b2c5f669f7cfb9a084415ee23219b4f
  ReactiveViewModel: 3b25ab68711944b1706b9dd6d1b37f37cbe6b094
  SDWebImage: ed3095af2ff88b436426037444979b917f6c5575
  Specta: 15a276a6343867b426d5ed135d5aa4d04123a573
  Typhoon: 15921a10d1ca2cdf00a64c324be7e2ab77fb240b

COCOAPODS: 0.38.0
